
Microsoft Visual Studio Solution File, Format Version 12.00
# Visual Studio Version 17
VisualStudioVersion = 17.7.34024.191
MinimumVisualStudioVersion = 10.0.40219.1
Project("{FAE04EC0-301F-11D3-BF4B-00C04F79EFBC}") = "A6", "A6.csproj", "{C8999D92-76FC-41B1-AA4F-0C1CC4C6AE0F}"
	ProjectSection(ProjectDependencies) = postProject
		{73FBEEE4-45C6-45B3-95C5-FB89198199F8} = {73FBEEE4-45C6-45B3-95C5-FB89198199F8}
	EndProjectSection
EndProject
Project("{FAE04EC0-301F-11D3-BF4B-00C04F79EFBC}") = "WordFilter", "WordFilter\WordFilter.csproj", "{73FBEEE4-45C6-45B3-95C5-FB89198199F8}"
EndProject
Global
	GlobalSection(SolutionConfigurationPlatforms) = preSolution
		Debug|Any CPU = Debug|Any CPU
		Release|Any CPU = Release|Any CPU
	EndGlobalSection
	GlobalSection(ProjectConfigurationPlatforms) = postSolution
		{C8999D92-76FC-41B1-AA4F-0C1CC4C6AE0F}.Debug|Any CPU.ActiveCfg = Debug|Any CPU
		{C8999D92-76FC-41B1-AA4F-0C1CC4C6AE0F}.Debug|Any CPU.Build.0 = Debug|Any CPU
		{C8999D92-76FC-41B1-AA4F-0C1CC4C6AE0F}.Release|Any CPU.ActiveCfg = Release|Any CPU
		{C8999D92-76FC-41B1-AA4F-0C1CC4C6AE0F}.Release|Any CPU.Build.0 = Release|Any CPU
		{73FBEEE4-45C6-45B3-95C5-FB89198199F8}.Debug|Any CPU.ActiveCfg = Debug|Any CPU
		{73FBEEE4-45C6-45B3-95C5-FB89198199F8}.Debug|Any CPU.Build.0 = Debug|Any CPU
		{73FBEEE4-45C6-45B3-95C5-FB89198199F8}.Release|Any CPU.ActiveCfg = Release|Any CPU
		{73FBEEE4-45C6-45B3-95C5-FB89198199F8}.Release|Any CPU.Build.0 = Release|Any CPU
	EndGlobalSection
	GlobalSection(SolutionProperties) = preSolution
		HideSolutionNode = FALSE
	EndGlobalSection
	GlobalSection(ExtensibilityGlobals) = postSolution
		SolutionGuid = {61EEDBB7-0453-46A7-9FF1-008E55CF6D46}
	EndGlobalSection
EndGlobal
